
Microsoft Visual Studio Solution File, Format Version 12.00
# Visual Studio 14
VisualStudioVersion = 14.0.25420.1
MinimumVisualStudioVersion = 10.0.40219.1
Project("{2150E333-8FDC-42A3-9474-1A3956D46DE8}") = "OpenGLESApp1", "OpenGLESApp1", "{41C799F7-84F5-484E-B28E-35225525C52B}"
EndProject
Project("{39E2626F-3545-4960-A6E8-258AD8476CE5}") = "OpenGLESApp1.Android.Packaging", "OpenGLESApp1\OpenGLESApp1.Android.Packaging\OpenGLESApp1.Android.Packaging.androidproj", "{0E93095F-F0CB-42CC-8101-A3E2CD943761}"
EndProject
Project("{740547C8-F205-44CF-8284-0B59C7DD69BD}") = "OpenGLESApp1.iOS.Application", "OpenGLESApp1\OpenGLESApp1.iOS.Application\OpenGLESApp1.iOS.Application.xcodeproj\project.pbxproj", "{CD0B8723-F0C2-4136-B993-D3416C5F70C4}"
EndProject
Project("{2150E333-8FDC-42A3-9474-1A3956D46DE8}") = "Libraries", "Libraries", "{D82759AC-F566-499E-ACAB-2039CEEE1119}"
EndProject
Project("{8BC9CEB8-8B4A-11D0-8D11-00A0C91BC942}") = "OpenGLESApp1.Shared", "OpenGLESApp1\OpenGLESApp1.Shared\OpenGLESApp1.Shared.vcxitems", "{1C65C9D4-FD85-40A7-8D5F-35671222B875}"
EndProject
Project("{8BC9CEB8-8B4A-11D0-8D11-00A0C91BC942}") = "OpenGLESApp1.Android.NativeActivity", "OpenGLESApp1\OpenGLESApp1.Android.NativeActivity\OpenGLESApp1.Android.NativeActivity.vcxproj", "{C018DB70-DAAB-4F17-9424-1DD8433F8054}"
EndProject
Project("{8BC9CEB8-8B4A-11D0-8D11-00A0C91BC942}") = "OpenGLESApp1.iOS.StaticLibrary", "OpenGLESApp1\OpenGLESApp1.iOS.StaticLibrary\OpenGLESApp1.iOS.StaticLibrary.vcxproj", "{D18212E2-FD1C-49AA-9921-6CCEA1EC044C}"
EndProject
Global
	GlobalSection(SharedMSBuildProjectFiles) = preSolution
		OpenGLESApp1\OpenGLESApp1.Shared\OpenGLESApp1.Shared.vcxitems*{1c65c9d4-fd85-40a7-8d5f-35671222b875}*SharedItemsImports = 9
		OpenGLESApp1\OpenGLESApp1.Shared\OpenGLESApp1.Shared.vcxitems*{c018db70-daab-4f17-9424-1dd8433f8054}*SharedItemsImports = 4
		OpenGLESApp1\OpenGLESApp1.Shared\OpenGLESApp1.Shared.vcxitems*{d18212e2-fd1c-49aa-9921-6ccea1ec044c}*SharedItemsImports = 4
	EndGlobalSection
	GlobalSection(SolutionConfigurationPlatforms) = preSolution
		Debug|ARM = Debug|ARM
		Debug|ARM64 = Debug|ARM64
		Debug|x64 = Debug|x64
		Debug|x86 = Debug|x86
		Release|ARM = Release|ARM
		Release|ARM64 = Release|ARM64
		Release|x64 = Release|x64
		Release|x86 = Release|x86
	EndGlobalSection
	GlobalSection(ProjectConfigurationPlatforms) = postSolution
		{0E93095F-F0CB-42CC-8101-A3E2CD943761}.Debug|ARM.ActiveCfg = Debug|ARM
		{0E93095F-F0CB-42CC-8101-A3E2CD943761}.Debug|ARM.Build.0 = Debug|ARM
		{0E93095F-F0CB-42CC-8101-A3E2CD943761}.Debug|ARM.Deploy.0 = Debug|ARM
		{0E93095F-F0CB-42CC-8101-A3E2CD943761}.Debug|ARM64.ActiveCfg = Debug|ARM64
		{0E93095F-F0CB-42CC-8101-A3E2CD943761}.Debug|ARM64.Build.0 = Debug|ARM64
		{0E93095F-F0CB-42CC-8101-A3E2CD943761}.Debug|ARM64.Deploy.0 = Debug|ARM64
		{0E93095F-F0CB-42CC-8101-A3E2CD943761}.Debug|x64.ActiveCfg = Debug|x64
		{0E93095F-F0CB-42CC-8101-A3E2CD943761}.Debug|x64.Build.0 = Debug|x64
		{0E93095F-F0CB-42CC-8101-A3E2CD943761}.Debug|x64.Deploy.0 = Debug|x64
		{0E93095F-F0CB-42CC-8101-A3E2CD943761}.Debug|x86.ActiveCfg = Debug|x86
		{0E93095F-F0CB-42CC-8101-A3E2CD943761}.Debug|x86.Build.0 = Debug|x86
		{0E93095F-F0CB-42CC-8101-A3E2CD943761}.Debug|x86.Deploy.0 = Debug|x86
		{0E93095F-F0CB-42CC-8101-A3E2CD943761}.Release|ARM.ActiveCfg = Release|ARM
		{0E93095F-F0CB-42CC-8101-A3E2CD943761}.Release|ARM.Build.0 = Release|ARM
		{0E93095F-F0CB-42CC-8101-A3E2CD943761}.Release|ARM.Deploy.0 = Release|ARM
		{0E93095F-F0CB-42CC-8101-A3E2CD943761}.Release|ARM64.ActiveCfg = Release|ARM64
		{0E93095F-F0CB-42CC-8101-A3E2CD943761}.Release|ARM64.Build.0 = Release|ARM64
		{0E93095F-F0CB-42CC-8101-A3E2CD943761}.Release|ARM64.Deploy.0 = Release|ARM64
		{0E93095F-F0CB-42CC-8101-A3E2CD943761}.Release|x64.ActiveCfg = Release|x64
		{0E93095F-F0CB-42CC-8101-A3E2CD943761}.Release|x64.Build.0 = Release|x64
		{0E93095F-F0CB-42CC-8101-A3E2CD943761}.Release|x64.Deploy.0 = Release|x64
		{0E93095F-F0CB-42CC-8101-A3E2CD943761}.Release|x86.ActiveCfg = Release|x86
		{0E93095F-F0CB-42CC-8101-A3E2CD943761}.Release|x86.Build.0 = Release|x86
		{0E93095F-F0CB-42CC-8101-A3E2CD943761}.Release|x86.Deploy.0 = Release|x86
		{CD0B8723-F0C2-4136-B993-D3416C5F70C4}.Debug|ARM.ActiveCfg = Debug|ARM
		{CD0B8723-F0C2-4136-B993-D3416C5F70C4}.Debug|ARM.Build.0 = Debug|ARM
		{CD0B8723-F0C2-4136-B993-D3416C5F70C4}.Debug|ARM.Deploy.0 = Debug|ARM
		{CD0B8723-F0C2-4136-B993-D3416C5F70C4}.Debug|ARM64.ActiveCfg = Debug|ARM64
		{CD0B8723-F0C2-4136-B993-D3416C5F70C4}.Debug|ARM64.Build.0 = Debug|ARM64
		{CD0B8723-F0C2-4136-B993-D3416C5F70C4}.Debug|ARM64.Deploy.0 = Debug|ARM64
		{CD0B8723-F0C2-4136-B993-D3416C5F70C4}.Debug|x64.ActiveCfg = Debug|x64
		{CD0B8723-F0C2-4136-B993-D3416C5F70C4}.Debug|x64.Build.0 = Debug|x64
		{CD0B8723-F0C2-4136-B993-D3416C5F70C4}.Debug|x64.Deploy.0 = Debug|x64
		{CD0B8723-F0C2-4136-B993-D3416C5F70C4}.Debug|x86.ActiveCfg = Debug|x86
		{CD0B8723-F0C2-4136-B993-D3416C5F70C4}.Debug|x86.Build.0 = Debug|x86
		{CD0B8723-F0C2-4136-B993-D3416C5F70C4}.Debug|x86.Deploy.0 = Debug|x86
		{CD0B8723-F0C2-4136-B993-D3416C5F70C4}.Release|ARM.ActiveCfg = Release|ARM
		{CD0B8723-F0C2-4136-B993-D3416C5F70C4}.Release|ARM.Build.0 = Release|ARM
		{CD0B8723-F0C2-4136-B993-D3416C5F70C4}.Release|ARM.Deploy.0 = Release|ARM
		{CD0B8723-F0C2-4136-B993-D3416C5F70C4}.Release|ARM64.ActiveCfg = Release|ARM64
		{CD0B8723-F0C2-4136-B993-D3416C5F70C4}.Release|ARM64.Build.0 = Release|ARM64
		{CD0B8723-F0C2-4136-B993-D3416C5F70C4}.Release|ARM64.Deploy.0 = Release|ARM64
		{CD0B8723-F0C2-4136-B993-D3416C5F70C4}.Release|x64.ActiveCfg = Release|x64
		{CD0B8723-F0C2-4136-B993-D3416C5F70C4}.Release|x64.Build.0 = Release|x64
		{CD0B8723-F0C2-4136-B993-D3416C5F70C4}.Release|x64.Deploy.0 = Release|x64
		{CD0B8723-F0C2-4136-B993-D3416C5F70C4}.Release|x86.ActiveCfg = Release|x86
		{CD0B8723-F0C2-4136-B993-D3416C5F70C4}.Release|x86.Build.0 = Release|x86
		{CD0B8723-F0C2-4136-B993-D3416C5F70C4}.Release|x86.Deploy.0 = Release|x86
		{C018DB70-DAAB-4F17-9424-1DD8433F8054}.Debug|ARM.ActiveCfg = Debug|ARM
		{C018DB70-DAAB-4F17-9424-1DD8433F8054}.Debug|ARM.Build.0 = Debug|ARM
		{C018DB70-DAAB-4F17-9424-1DD8433F8054}.Debug|ARM64.ActiveCfg = Debug|ARM64
		{C018DB70-DAAB-4F17-9424-1DD8433F8054}.Debug|ARM64.Build.0 = Debug|ARM64
		{C018DB70-DAAB-4F17-9424-1DD8433F8054}.Debug|x64.ActiveCfg = Debug|x64
		{C018DB70-DAAB-4F17-9424-1DD8433F8054}.Debug|x64.Build.0 = Debug|x64
		{C018DB70-DAAB-4F17-9424-1DD8433F8054}.Debug|x86.ActiveCfg = Debug|x86
		{C018DB70-DAAB-4F17-9424-1DD8433F8054}.Debug|x86.Build.0 = Debug|x86
		{C018DB70-DAAB-4F17-9424-1DD8433F8054}.Release|ARM.ActiveCfg = Release|ARM
		{C018DB70-DAAB-4F17-9424-1DD8433F8054}.Release|ARM.Build.0 = Release|ARM
		{C018DB70-DAAB-4F17-9424-1DD8433F8054}.Release|ARM64.ActiveCfg = Release|ARM64
		{C018DB70-DAAB-4F17-9424-1DD8433F8054}.Release|ARM64.Build.0 = Release|ARM64
		{C018DB70-DAAB-4F17-9424-1DD8433F8054}.Release|x64.ActiveCfg = Release|x64
		{C018DB70-DAAB-4F17-9424-1DD8433F8054}.Release|x64.Build.0 = Release|x64
		{C018DB70-DAAB-4F17-9424-1DD8433F8054}.Release|x86.ActiveCfg = Release|x86
		{C018DB70-DAAB-4F17-9424-1DD8433F8054}.Release|x86.Build.0 = Release|x86
		{D18212E2-FD1C-49AA-9921-6CCEA1EC044C}.Debug|ARM.ActiveCfg = Debug|ARM
		{D18212E2-FD1C-49AA-9921-6CCEA1EC044C}.Debug|ARM.Build.0 = Debug|ARM
		{D18212E2-FD1C-49AA-9921-6CCEA1EC044C}.Debug|ARM64.ActiveCfg = Debug|ARM64
		{D18212E2-FD1C-49AA-9921-6CCEA1EC044C}.Debug|ARM64.Build.0 = Debug|ARM64
		{D18212E2-FD1C-49AA-9921-6CCEA1EC044C}.Debug|x64.ActiveCfg = Debug|x64
		{D18212E2-FD1C-49AA-9921-6CCEA1EC044C}.Debug|x64.Build.0 = Debug|x64
		{D18212E2-FD1C-49AA-9921-6CCEA1EC044C}.Debug|x86.ActiveCfg = Debug|x86
		{D18212E2-FD1C-49AA-9921-6CCEA1EC044C}.Debug|x86.Build.0 = Debug|x86
		{D18212E2-FD1C-49AA-9921-6CCEA1EC044C}.Release|ARM.ActiveCfg = Release|ARM
		{D18212E2-FD1C-49AA-9921-6CCEA1EC044C}.Release|ARM.Build.0 = Release|ARM
		{D18212E2-FD1C-49AA-9921-6CCEA1EC044C}.Release|ARM64.ActiveCfg = Release|ARM64
		{D18212E2-FD1C-49AA-9921-6CCEA1EC044C}.Release|ARM64.Build.0 = Release|ARM64
		{D18212E2-FD1C-49AA-9921-6CCEA1EC044C}.Release|x64.ActiveCfg = Release|x64
		{D18212E2-FD1C-49AA-9921-6CCEA1EC044C}.Release|x64.Build.0 = Release|x64
		{D18212E2-FD1C-49AA-9921-6CCEA1EC044C}.Release|x86.ActiveCfg = Release|x86
		{D18212E2-FD1C-49AA-9921-6CCEA1EC044C}.Release|x86.Build.0 = Release|x86
	EndGlobalSection
	GlobalSection(SolutionProperties) = preSolution
		HideSolutionNode = FALSE
	EndGlobalSection
	GlobalSection(NestedProjects) = preSolution
		{0E93095F-F0CB-42CC-8101-A3E2CD943761} = {41C799F7-84F5-484E-B28E-35225525C52B}
		{CD0B8723-F0C2-4136-B993-D3416C5F70C4} = {41C799F7-84F5-484E-B28E-35225525C52B}
		{D82759AC-F566-499E-ACAB-2039CEEE1119} = {41C799F7-84F5-484E-B28E-35225525C52B}
		{1C65C9D4-FD85-40A7-8D5F-35671222B875} = {D82759AC-F566-499E-ACAB-2039CEEE1119}
		{C018DB70-DAAB-4F17-9424-1DD8433F8054} = {D82759AC-F566-499E-ACAB-2039CEEE1119}
		{D18212E2-FD1C-49AA-9921-6CCEA1EC044C} = {D82759AC-F566-499E-ACAB-2039CEEE1119}
	EndGlobalSection
EndGlobal
