Microsoft Visual Studio Solution File, Format Version 12.00
# Visual Studio 14
VisualStudioVersion = 14.0.25420.1
MinimumVisualStudioVersion = 10.0.40219.1
Project("{FAE04EC0-301F-11D3-BF4B-00C04F79EFBC}") = "AvatarPreview", "..\libopenmetaverse\Programs\AvatarPreview\AvatarPreview.csproj", "{B4AC857B-0C8D-4A89-A3E6-D452DB4ADC80}"
EndProject
Project("{FAE04EC0-301F-11D3-BF4B-00C04F79EFBC}") = "VisualParamGenerator", "..\libopenmetaverse\Programs\VisualParamGenerator\VisualParamGenerator.csproj", "{2CD468E6-24A9-4C93-A2AB-C6A2E28CCDEF}"
EndProject
Project("{FAE04EC0-301F-11D3-BF4B-00C04F79EFBC}") = "OpenMetaverse.GUI", "..\libopenmetaverse\OpenMetaverse.GUI\OpenMetaverse.GUI.csproj", "{CA49D27F-193A-4962-82F6-DD1A8173BBDB}"
EndProject
Project("{FAE04EC0-301F-11D3-BF4B-00C04F79EFBC}") = "OpenMetaverse.StructuredData", "..\libopenmetaverse\OpenMetaverse.StructuredData\OpenMetaverse.StructuredData.csproj", "{75C296CC-D97F-42FD-8B7C-CA36883F4438}"
EndProject
Project("{FAE04EC0-301F-11D3-BF4B-00C04F79EFBC}") = "GridProxy", "..\libopenmetaverse\Programs\GridProxy\GridProxy.csproj", "{C0CBD848-4729-4ADC-B26B-A7250A6866B3}"
EndProject
Project("{FAE04EC0-301F-11D3-BF4B-00C04F79EFBC}") = "WinGridProxy", "..\libopenmetaverse\Programs\WinGridProxy\WinGridProxy.csproj", "{D9A60CA9-D491-4878-AD69-C07B25FA1D87}"
EndProject
Project("{FAE04EC0-301F-11D3-BF4B-00C04F79EFBC}") = "OpenMetaverse", "..\libopenmetaverse\OpenMetaverse\OpenMetaverse.csproj", "{33BA3C18-CE1F-4681-B8AE-006A45E74213}"
EndProject
Project("{FAE04EC0-301F-11D3-BF4B-00C04F79EFBC}") = "IRCGateway", "..\libopenmetaverse\Programs\examples\IRCGateway\IRCGateway.csproj", "{67BA8528-D0EF-4E39-9E84-32BAD3814869}"
EndProject
Project("{FAE04EC0-301F-11D3-BF4B-00C04F79EFBC}") = "OpenMetaverseTypes", "..\libopenmetaverse\OpenMetaverseTypes\OpenMetaverseTypes.csproj", "{B1BFF272-608E-4F23-B2F8-0B4FCA069827}"
EndProject
Project("{FAE04EC0-301F-11D3-BF4B-00C04F79EFBC}") = "huntsman", "..\libopenmetaverse\Programs\examples\TestClient\huntsman.csproj", "{CE3A8DA9-E541-4290-9A63-54155D50C8BD}"
EndProject
Project("{FAE04EC0-301F-11D3-BF4B-00C04F79EFBC}") = "OpenMetaverse.Rendering.Simple", "..\libopenmetaverse\OpenMetaverse.Rendering.Simple\OpenMetaverse.Rendering.Simple.csproj", "{341E0479-407D-4CFA-8A55-523F0D3A4125}"
EndProject
Project("{FAE04EC0-301F-11D3-BF4B-00C04F79EFBC}") = "CSJ2K", "..\libopenmetaverse\CSJ2K\CSJ2K.csproj", "{0D5575A8-9C81-448B-B6A6-CD7E78EE868A}"
EndProject
Project("{FAE04EC0-301F-11D3-BF4B-00C04F79EFBC}") = "VoiceTest", "..\libopenmetaverse\Programs\VoiceTest\VoiceTest.csproj", "{9F745041-3296-4681-ACEF-A5FD163EFA8B}"
EndProject
Project("{FAE04EC0-301F-11D3-BF4B-00C04F79EFBC}") = "PacketDump", "..\libopenmetaverse\Programs\examples\PacketDump\PacketDump.csproj", "{C436EA1B-6286-46EB-897A-C8E78DBEE953}"
EndProject
Project("{FAE04EC0-301F-11D3-BF4B-00C04F79EFBC}") = "GridImageUpload", "..\libopenmetaverse\Programs\GridImageUpload\GridImageUpload.csproj", "{9BBAECE0-1CAD-4099-BDD5-0F25AB771C17}"
EndProject
Project("{FAE04EC0-301F-11D3-BF4B-00C04F79EFBC}") = "mapgenerator", "..\libopenmetaverse\Programs\mapgenerator\mapgenerator.csproj", "{D7AF8110-51DD-459E-BE77-94D401D36B63}"
EndProject
Project("{FAE04EC0-301F-11D3-BF4B-00C04F79EFBC}") = "PrimWorkshop", "..\libopenmetaverse\Programs\PrimWorkshop\PrimWorkshop.csproj", "{2F298AE4-AC3D-45E4-B653-7BDABC08DB88}"
EndProject
Project("{FAE04EC0-301F-11D3-BF4B-00C04F79EFBC}") = "groupmanager", "..\libopenmetaverse\Programs\examples\groupmanager\groupmanager.csproj", "{3C7F6817-2CE0-43D3-9E2A-73371DAAA7DE}"
EndProject
Project("{FAE04EC0-301F-11D3-BF4B-00C04F79EFBC}") = "OpenMetaverse.Rendering.Meshmerizer", "..\libopenmetaverse\OpenMetaverse.Rendering.Meshmerizer\OpenMetaverse.Rendering.Meshmerizer.csproj", "{7AAB4412-9CEA-4980-A73A-31DE292CD7A9}"
EndProject
Project("{FAE04EC0-301F-11D3-BF4B-00C04F79EFBC}") = "Dashboard", "..\libopenmetaverse\Programs\examples\Dashboard\Dashboard.csproj", "{017FF208-9C86-40BB-9B4F-D8288C84E6FE}"
EndProject
Project("{FAE04EC0-301F-11D3-BF4B-00C04F79EFBC}") = "Heightmap", "..\libopenmetaverse\Programs\examples\Heightmap\Heightmap.csproj", "{75D305FF-110F-4D3D-9AD2-6D7ACB4A4230}"
EndProject
Project("{FAE04EC0-301F-11D3-BF4B-00C04F79EFBC}") = "importprimscript", "..\libopenmetaverse\Programs\importprimscript\importprimscript.csproj", "{82BEF74A-4774-4D50-8500-6B6EF6FA8273}"
EndProject
Project("{FAE04EC0-301F-11D3-BF4B-00C04F79EFBC}") = "GridAccountant", "..\libopenmetaverse\Programs\examples\GridAccountant\GridAccountant.csproj", "{52AE9E66-A680-49E4-8203-CF668F1FF7D8}"
EndProject
Project("{FAE04EC0-301F-11D3-BF4B-00C04F79EFBC}") = "GridProxyApp", "..\libopenmetaverse\Programs\GridProxy\GridProxyApp.csproj", "{44DD24CB-ADD4-422F-A3D5-415C6F08C094}"
EndProject
Project("{FAE04EC0-301F-11D3-BF4B-00C04F79EFBC}") = "OpenMetaverse.Tests", "..\libopenmetaverse\OpenMetaverse.Tests\OpenMetaverse.Tests.csproj", "{BBD591E4-5A9D-4D43-B913-74940EAF2066}"
EndProject
Project("{FAE04EC0-301F-11D3-BF4B-00C04F79EFBC}") = "Baker", "..\libopenmetaverse\Programs\Baker\Baker.csproj", "{36D28929-216C-41E3-9A38-0CCB2BCED03D}"
EndProject
Project("{FAE04EC0-301F-11D3-BF4B-00C04F79EFBC}") = "OpenMetaverse.Utilities", "..\libopenmetaverse\OpenMetaverse.Utilities\OpenMetaverse.Utilities.csproj", "{320584D4-7962-49F8-A65D-38B8EA3BA068}"
EndProject
Global
	GlobalSection(SolutionConfigurationPlatforms) = preSolution
		Debug|Any CPU = Debug|Any CPU
		Release|Any CPU = Release|Any CPU
	EndGlobalSection
	GlobalSection(ProjectConfigurationPlatforms) = postSolution
		{B4AC857B-0C8D-4A89-A3E6-D452DB4ADC80}.Debug|Any CPU.ActiveCfg = Debug|Any CPU
		{B4AC857B-0C8D-4A89-A3E6-D452DB4ADC80}.Debug|Any CPU.Build.0 = Debug|Any CPU
		{B4AC857B-0C8D-4A89-A3E6-D452DB4ADC80}.Release|Any CPU.ActiveCfg = Release|Any CPU
		{B4AC857B-0C8D-4A89-A3E6-D452DB4ADC80}.Release|Any CPU.Build.0 = Release|Any CPU
		{2CD468E6-24A9-4C93-A2AB-C6A2E28CCDEF}.Debug|Any CPU.ActiveCfg = Debug|Any CPU
		{2CD468E6-24A9-4C93-A2AB-C6A2E28CCDEF}.Debug|Any CPU.Build.0 = Debug|Any CPU
		{2CD468E6-24A9-4C93-A2AB-C6A2E28CCDEF}.Release|Any CPU.ActiveCfg = Release|Any CPU
		{2CD468E6-24A9-4C93-A2AB-C6A2E28CCDEF}.Release|Any CPU.Build.0 = Release|Any CPU
		{CA49D27F-193A-4962-82F6-DD1A8173BBDB}.Debug|Any CPU.ActiveCfg = Debug|Any CPU
		{CA49D27F-193A-4962-82F6-DD1A8173BBDB}.Debug|Any CPU.Build.0 = Debug|Any CPU
		{CA49D27F-193A-4962-82F6-DD1A8173BBDB}.Release|Any CPU.ActiveCfg = Release|Any CPU
		{CA49D27F-193A-4962-82F6-DD1A8173BBDB}.Release|Any CPU.Build.0 = Release|Any CPU
		{75C296CC-D97F-42FD-8B7C-CA36883F4438}.Debug|Any CPU.ActiveCfg = Debug|Any CPU
		{75C296CC-D97F-42FD-8B7C-CA36883F4438}.Debug|Any CPU.Build.0 = Debug|Any CPU
		{75C296CC-D97F-42FD-8B7C-CA36883F4438}.Release|Any CPU.ActiveCfg = Release|Any CPU
		{75C296CC-D97F-42FD-8B7C-CA36883F4438}.Release|Any CPU.Build.0 = Release|Any CPU
		{C0CBD848-4729-4ADC-B26B-A7250A6866B3}.Debug|Any CPU.ActiveCfg = Debug|Any CPU
		{C0CBD848-4729-4ADC-B26B-A7250A6866B3}.Debug|Any CPU.Build.0 = Debug|Any CPU
		{C0CBD848-4729-4ADC-B26B-A7250A6866B3}.Release|Any CPU.ActiveCfg = Release|Any CPU
		{C0CBD848-4729-4ADC-B26B-A7250A6866B3}.Release|Any CPU.Build.0 = Release|Any CPU
		{D9A60CA9-D491-4878-AD69-C07B25FA1D87}.Debug|Any CPU.ActiveCfg = Debug|Any CPU
		{D9A60CA9-D491-4878-AD69-C07B25FA1D87}.Debug|Any CPU.Build.0 = Debug|Any CPU
		{D9A60CA9-D491-4878-AD69-C07B25FA1D87}.Release|Any CPU.ActiveCfg = Release|Any CPU
		{D9A60CA9-D491-4878-AD69-C07B25FA1D87}.Release|Any CPU.Build.0 = Release|Any CPU
		{33BA3C18-CE1F-4681-B8AE-006A45E74213}.Debug|Any CPU.ActiveCfg = Debug|Any CPU
		{33BA3C18-CE1F-4681-B8AE-006A45E74213}.Debug|Any CPU.Build.0 = Debug|Any CPU
		{33BA3C18-CE1F-4681-B8AE-006A45E74213}.Release|Any CPU.ActiveCfg = Release|Any CPU
		{33BA3C18-CE1F-4681-B8AE-006A45E74213}.Release|Any CPU.Build.0 = Release|Any CPU
		{67BA8528-D0EF-4E39-9E84-32BAD3814869}.Debug|Any CPU.ActiveCfg = Debug|Any CPU
		{67BA8528-D0EF-4E39-9E84-32BAD3814869}.Debug|Any CPU.Build.0 = Debug|Any CPU
		{67BA8528-D0EF-4E39-9E84-32BAD3814869}.Release|Any CPU.ActiveCfg = Release|Any CPU
		{67BA8528-D0EF-4E39-9E84-32BAD3814869}.Release|Any CPU.Build.0 = Release|Any CPU
		{B1BFF272-608E-4F23-B2F8-0B4FCA069827}.Debug|Any CPU.ActiveCfg = Debug|Any CPU
		{B1BFF272-608E-4F23-B2F8-0B4FCA069827}.Debug|Any CPU.Build.0 = Debug|Any CPU
		{B1BFF272-608E-4F23-B2F8-0B4FCA069827}.Release|Any CPU.ActiveCfg = Release|Any CPU
		{B1BFF272-608E-4F23-B2F8-0B4FCA069827}.Release|Any CPU.Build.0 = Release|Any CPU
		{CE3A8DA9-E541-4290-9A63-54155D50C8BD}.Debug|Any CPU.ActiveCfg = Debug|Any CPU
		{CE3A8DA9-E541-4290-9A63-54155D50C8BD}.Debug|Any CPU.Build.0 = Debug|Any CPU
		{CE3A8DA9-E541-4290-9A63-54155D50C8BD}.Release|Any CPU.ActiveCfg = Release|Any CPU
		{CE3A8DA9-E541-4290-9A63-54155D50C8BD}.Release|Any CPU.Build.0 = Release|Any CPU
		{341E0479-407D-4CFA-8A55-523F0D3A4125}.Debug|Any CPU.ActiveCfg = Debug|Any CPU
		{341E0479-407D-4CFA-8A55-523F0D3A4125}.Debug|Any CPU.Build.0 = Debug|Any CPU
		{341E0479-407D-4CFA-8A55-523F0D3A4125}.Release|Any CPU.ActiveCfg = Release|Any CPU
		{341E0479-407D-4CFA-8A55-523F0D3A4125}.Release|Any CPU.Build.0 = Release|Any CPU
		{0D5575A8-9C81-448B-B6A6-CD7E78EE868A}.Debug|Any CPU.ActiveCfg = Debug|Any CPU
		{0D5575A8-9C81-448B-B6A6-CD7E78EE868A}.Debug|Any CPU.Build.0 = Debug|Any CPU
		{0D5575A8-9C81-448B-B6A6-CD7E78EE868A}.Release|Any CPU.ActiveCfg = Release|Any CPU
		{0D5575A8-9C81-448B-B6A6-CD7E78EE868A}.Release|Any CPU.Build.0 = Release|Any CPU
		{9F745041-3296-4681-ACEF-A5FD163EFA8B}.Debug|Any CPU.ActiveCfg = Debug|Any CPU
		{9F745041-3296-4681-ACEF-A5FD163EFA8B}.Debug|Any CPU.Build.0 = Debug|Any CPU
		{9F745041-3296-4681-ACEF-A5FD163EFA8B}.Release|Any CPU.ActiveCfg = Release|Any CPU
		{9F745041-3296-4681-ACEF-A5FD163EFA8B}.Release|Any CPU.Build.0 = Release|Any CPU
		{C436EA1B-6286-46EB-897A-C8E78DBEE953}.Debug|Any CPU.ActiveCfg = Debug|Any CPU
		{C436EA1B-6286-46EB-897A-C8E78DBEE953}.Debug|Any CPU.Build.0 = Debug|Any CPU
		{C436EA1B-6286-46EB-897A-C8E78DBEE953}.Release|Any CPU.ActiveCfg = Release|Any CPU
		{C436EA1B-6286-46EB-897A-C8E78DBEE953}.Release|Any CPU.Build.0 = Release|Any CPU
		{9BBAECE0-1CAD-4099-BDD5-0F25AB771C17}.Debug|Any CPU.ActiveCfg = Debug|Any CPU
		{9BBAECE0-1CAD-4099-BDD5-0F25AB771C17}.Debug|Any CPU.Build.0 = Debug|Any CPU
		{9BBAECE0-1CAD-4099-BDD5-0F25AB771C17}.Release|Any CPU.ActiveCfg = Release|Any CPU
		{9BBAECE0-1CAD-4099-BDD5-0F25AB771C17}.Release|Any CPU.Build.0 = Release|Any CPU
		{D7AF8110-51DD-459E-BE77-94D401D36B63}.Debug|Any CPU.ActiveCfg = Debug|Any CPU
		{D7AF8110-51DD-459E-BE77-94D401D36B63}.Debug|Any CPU.Build.0 = Debug|Any CPU
		{D7AF8110-51DD-459E-BE77-94D401D36B63}.Release|Any CPU.ActiveCfg = Release|Any CPU
		{D7AF8110-51DD-459E-BE77-94D401D36B63}.Release|Any CPU.Build.0 = Release|Any CPU
		{2F298AE4-AC3D-45E4-B653-7BDABC08DB88}.Debug|Any CPU.ActiveCfg = Debug|Any CPU
		{2F298AE4-AC3D-45E4-B653-7BDABC08DB88}.Debug|Any CPU.Build.0 = Debug|Any CPU
		{2F298AE4-AC3D-45E4-B653-7BDABC08DB88}.Release|Any CPU.ActiveCfg = Release|Any CPU
		{2F298AE4-AC3D-45E4-B653-7BDABC08DB88}.Release|Any CPU.Build.0 = Release|Any CPU
		{3C7F6817-2CE0-43D3-9E2A-73371DAAA7DE}.Debug|Any CPU.ActiveCfg = Debug|Any CPU
		{3C7F6817-2CE0-43D3-9E2A-73371DAAA7DE}.Debug|Any CPU.Build.0 = Debug|Any CPU
		{3C7F6817-2CE0-43D3-9E2A-73371DAAA7DE}.Release|Any CPU.ActiveCfg = Release|Any CPU
		{3C7F6817-2CE0-43D3-9E2A-73371DAAA7DE}.Release|Any CPU.Build.0 = Release|Any CPU
		{7AAB4412-9CEA-4980-A73A-31DE292CD7A9}.Debug|Any CPU.ActiveCfg = Debug|Any CPU
		{7AAB4412-9CEA-4980-A73A-31DE292CD7A9}.Debug|Any CPU.Build.0 = Debug|Any CPU
		{7AAB4412-9CEA-4980-A73A-31DE292CD7A9}.Release|Any CPU.ActiveCfg = Release|Any CPU
		{7AAB4412-9CEA-4980-A73A-31DE292CD7A9}.Release|Any CPU.Build.0 = Release|Any CPU
		{017FF208-9C86-40BB-9B4F-D8288C84E6FE}.Debug|Any CPU.ActiveCfg = Debug|Any CPU
		{017FF208-9C86-40BB-9B4F-D8288C84E6FE}.Debug|Any CPU.Build.0 = Debug|Any CPU
		{017FF208-9C86-40BB-9B4F-D8288C84E6FE}.Release|Any CPU.ActiveCfg = Release|Any CPU
		{017FF208-9C86-40BB-9B4F-D8288C84E6FE}.Release|Any CPU.Build.0 = Release|Any CPU
		{75D305FF-110F-4D3D-9AD2-6D7ACB4A4230}.Debug|Any CPU.ActiveCfg = Debug|Any CPU
		{75D305FF-110F-4D3D-9AD2-6D7ACB4A4230}.Debug|Any CPU.Build.0 = Debug|Any CPU
		{75D305FF-110F-4D3D-9AD2-6D7ACB4A4230}.Release|Any CPU.ActiveCfg = Release|Any CPU
		{75D305FF-110F-4D3D-9AD2-6D7ACB4A4230}.Release|Any CPU.Build.0 = Release|Any CPU
		{82BEF74A-4774-4D50-8500-6B6EF6FA8273}.Debug|Any CPU.ActiveCfg = Debug|Any CPU
		{82BEF74A-4774-4D50-8500-6B6EF6FA8273}.Debug|Any CPU.Build.0 = Debug|Any CPU
		{82BEF74A-4774-4D50-8500-6B6EF6FA8273}.Release|Any CPU.ActiveCfg = Release|Any CPU
		{82BEF74A-4774-4D50-8500-6B6EF6FA8273}.Release|Any CPU.Build.0 = Release|Any CPU
		{52AE9E66-A680-49E4-8203-CF668F1FF7D8}.Debug|Any CPU.ActiveCfg = Debug|Any CPU
		{52AE9E66-A680-49E4-8203-CF668F1FF7D8}.Debug|Any CPU.Build.0 = Debug|Any CPU
		{52AE9E66-A680-49E4-8203-CF668F1FF7D8}.Release|Any CPU.ActiveCfg = Release|Any CPU
		{52AE9E66-A680-49E4-8203-CF668F1FF7D8}.Release|Any CPU.Build.0 = Release|Any CPU
		{44DD24CB-ADD4-422F-A3D5-415C6F08C094}.Debug|Any CPU.ActiveCfg = Debug|Any CPU
		{44DD24CB-ADD4-422F-A3D5-415C6F08C094}.Debug|Any CPU.Build.0 = Debug|Any CPU
		{44DD24CB-ADD4-422F-A3D5-415C6F08C094}.Release|Any CPU.ActiveCfg = Release|Any CPU
		{44DD24CB-ADD4-422F-A3D5-415C6F08C094}.Release|Any CPU.Build.0 = Release|Any CPU
		{BBD591E4-5A9D-4D43-B913-74940EAF2066}.Debug|Any CPU.ActiveCfg = Debug|Any CPU
		{BBD591E4-5A9D-4D43-B913-74940EAF2066}.Debug|Any CPU.Build.0 = Debug|Any CPU
		{BBD591E4-5A9D-4D43-B913-74940EAF2066}.Release|Any CPU.ActiveCfg = Release|Any CPU
		{BBD591E4-5A9D-4D43-B913-74940EAF2066}.Release|Any CPU.Build.0 = Release|Any CPU
		{36D28929-216C-41E3-9A38-0CCB2BCED03D}.Debug|Any CPU.ActiveCfg = Debug|Any CPU
		{36D28929-216C-41E3-9A38-0CCB2BCED03D}.Debug|Any CPU.Build.0 = Debug|Any CPU
		{36D28929-216C-41E3-9A38-0CCB2BCED03D}.Release|Any CPU.ActiveCfg = Release|Any CPU
		{36D28929-216C-41E3-9A38-0CCB2BCED03D}.Release|Any CPU.Build.0 = Release|Any CPU
		{320584D4-7962-49F8-A65D-38B8EA3BA068}.Debug|Any CPU.ActiveCfg = Debug|Any CPU
		{320584D4-7962-49F8-A65D-38B8EA3BA068}.Debug|Any CPU.Build.0 = Debug|Any CPU
		{320584D4-7962-49F8-A65D-38B8EA3BA068}.Release|Any CPU.ActiveCfg = Release|Any CPU
		{320584D4-7962-49F8-A65D-38B8EA3BA068}.Release|Any CPU.Build.0 = Release|Any CPU
	EndGlobalSection
	GlobalSection(SolutionProperties) = preSolution
		HideSolutionNode = FALSE
	EndGlobalSection
EndGlobal
